{
    "_meta": {
        "hash": {
            "sha256": "4b62da8088def265e056f93709037fc91f92e7a0e72c0b615d1156f88f84ea79"
        },
        "pipfile-spec": 6,
        "requires": {
            "python_version": "3.14"
        },
        "sources": [
            {
                "name": "pypi",
                "url": "https://pypi.org/simple",
                "verify_ssl": true
            }
        ]
    },
    "default": {},
    "develop": {}
}
